
Microsoft Visual Studio Solution File, Format Version 12.00
# Visual Studio Version 17
VisualStudioVersion = 17.8.34316.72
MinimumVisualStudioVersion = 10.0.40219.1
Project("{FAE04EC0-301F-11D3-BF4B-00C04F79EFBC}") = "RobotApp", "RobotApp\RobotApp.csproj", "{F903D08C-542B-4DFB-9A49-2712EB45210E}"
EndProject
Global
	GlobalSection(SolutionConfigurationPlatforms) = preSolution
		Debug|Any CPU = Debug|Any CPU
		Release|Any CPU = Release|Any CPU
	EndGlobalSection
	GlobalSection(ProjectConfigurationPlatforms) = postSolution
		{F903D08C-542B-4DFB-9A49-2712EB45210E}.Debug|Any CPU.ActiveCfg = Debug|Any CPU
		{F903D08C-542B-4DFB-9A49-2712EB45210E}.Debug|Any CPU.Build.0 = Debug|Any CPU
		{F903D08C-542B-4DFB-9A49-2712EB45210E}.Release|Any CPU.ActiveCfg = Release|Any CPU
		{F903D08C-542B-4DFB-9A49-2712EB45210E}.Release|Any CPU.Build.0 = Release|Any CPU
	EndGlobalSection
	GlobalSection(SolutionProperties) = preSolution
		HideSolutionNode = FALSE
	EndGlobalSection
	GlobalSection(ExtensibilityGlobals) = postSolution
		SolutionGuid = {81E7AB46-D909-4460-B9CC-8896913A5433}
	EndGlobalSection
EndGlobal
